<?xml version="1.0" encoding="utf-8"?>
<Project ToolsVersion="4.0" xmlns="http://schemas.microsoft.com/developer/msbuild/2003">
  <ItemGroup>
    <Filter Include="Fichiers sources">
      <UniqueIdentifier>{4FC737F1-C7A5-4376-A066-2A32D752A2FF}</UniqueIdentifier>
      <Extensions>cpp;c;cc;cxx;def;odl;idl;hpj;bat;asm;asmx</Extensions>
    </Filter>
    <Filter Include="Fichiers d%27en-tête">
      <UniqueIdentifier>{93995380-89BD-4b04-88EB-625FBE52EBFB}</UniqueIdentifier>
      <Extensions>h;hh;hpp;hxx;hm;inl;inc;ipp;xsd</Extensions>
    </Filter>
    <Filter Include="Fichiers de ressources">
      <UniqueIdentifier>{67DA6AB6-F800-4c08-8B7A-83BB121AAD01}</UniqueIdentifier>
      <Extensions>rc;ico;cur;bmp;dlg;rc2;rct;bin;rgs;gif;jpg;jpeg;jpe;resx;tiff;tif;png;wav;mfcribbon-ms</Extensions>
    </Filter>
    <Filter Include="Fichiers sources\Megadrive Tools">
      <UniqueIdentifier>{71aee359-cc76-4520-bdaa-cd69de4e2895}</UniqueIdentifier>
    </Filter>
  </ItemGroup>
  <ItemGroup>
    <ClInclude Include="Item.h">
      <Filter>Fichiers sources</Filter>
    </ClInclude>
    <ClInclude Include="Tools.h">
      <Filter>Fichiers sources</Filter>
    </ClInclude>
    <ClInclude Include="World.h">
      <Filter>Fichiers sources</Filter>
    </ClInclude>
    <ClInclude Include="WorldRandomizer.h">
      <Filter>Fichiers sources</Filter>
    </ClInclude>
    <ClInclude Include="WorldRegion.h">
      <Filter>Fichiers sources</Filter>
    </ClInclude>
    <ClInclude Include="GameAlterations.h">
      <Filter>Fichiers sources</Filter>
    </ClInclude>
    <ClInclude Include="TreeMap.h">
      <Filter>Fichiers sources</Filter>
    </ClInclude>
    <ClInclude Include="RandomizerOptions.h">
      <Filter>Fichiers sources</Filter>
    </ClInclude>
    <ClInclude Include="ItemShop.h">
      <Filter>Fichiers sources</Filter>
    </ClInclude>
    <ClInclude Include="GameText.h">
      <Filter>Fichiers sources</Filter>
    </ClInclude>
    <ClInclude Include="MegadriveTools\MdCode.h">
      <Filter>Fichiers sources\Megadrive Tools</Filter>
    </ClInclude>
    <ClInclude Include="MegadriveTools\MdTypes.h">
      <Filter>Fichiers sources\Megadrive Tools</Filter>
    </ClInclude>
    <ClInclude Include="MegadriveTools\MdRom.h">
      <Filter>Fichiers sources\Megadrive Tools</Filter>
    </ClInclude>
    <ClInclude Include="AbstractItemSource.h">
      <Filter>Fichiers sources</Filter>
    </ClInclude>
    <ClInclude Include="ItemChest.h">
      <Filter>Fichiers sources</Filter>
    </ClInclude>
    <ClInclude Include="ItemInShop.h">
      <Filter>Fichiers sources</Filter>
    </ClInclude>
    <ClInclude Include="ItemOnGround.h">
      <Filter>Fichiers sources</Filter>
    </ClInclude>
    <ClInclude Include="ItemReward.h">
      <Filter>Fichiers sources</Filter>
    </ClInclude>
    <ClInclude Include="ItemCodes.h">
      <Filter>Fichiers sources</Filter>
    </ClInclude>
    <ClInclude Include="ItemSourceCodes.h">
      <Filter>Fichiers sources</Filter>
    </ClInclude>
    <ClInclude Include="RegionCodes.h">
      <Filter>Fichiers sources</Filter>
    </ClInclude>
    <ClInclude Include="SpawnLocations.h">
      <Filter>Fichiers sources</Filter>
    </ClInclude>
  </ItemGroup>
  <ItemGroup>
    <ClCompile Include="main.cpp">
      <Filter>Fichiers sources</Filter>
    </ClCompile>
    <ClCompile Include="World.cpp">
      <Filter>Fichiers sources</Filter>
    </ClCompile>
    <ClCompile Include="GameAlterations.cpp">
      <Filter>Fichiers sources</Filter>
    </ClCompile>
    <ClCompile Include="WorldRandomizer.cpp">
      <Filter>Fichiers sources</Filter>
    </ClCompile>
    <ClCompile Include="RandomizerOptions.cpp">
      <Filter>Fichiers sources</Filter>
    </ClCompile>
    <ClCompile Include="GameText.cpp">
      <Filter>Fichiers sources</Filter>
    </ClCompile>
    <ClCompile Include="MegadriveTools\MdCode.cpp">
      <Filter>Fichiers sources\Megadrive Tools</Filter>
    </ClCompile>
    <ClCompile Include="MegadriveTools\MdRom.cpp">
      <Filter>Fichiers sources\Megadrive Tools</Filter>
    </ClCompile>
  </ItemGroup>
  <ItemGroup>
    <None Include="makefile" />
    <None Include="..\README.md" />
  </ItemGroup>
</Project>